
Microsoft Visual Studio Solution File, Format Version 12.00
# Visual Studio Version 17
VisualStudioVersion = 17.1.32414.318
MinimumVisualStudioVersion = 10.0.40219.1
Project("{FAE04EC0-301F-11D3-BF4B-00C04F79EFBC}") = "Toci.Driver.Dal.Invitation.Interfaces", "Toci.Driver.Dal.Invitation.Interfaces\Toci.Driver.Dal.Invitation.Interfaces.csproj", "{6307169E-918C-43C4-802B-7F035296C0AF}"
EndProject
Project("{2150E333-8FDC-42A3-9474-1A3956D46DE8}") = "Common", "Common", "{61CCF297-620A-40F2-9052-7A5396FA48E4}"
EndProject
Project("{9A19103F-16F7-4668-BE54-9A1E7A4F7556}") = "Toci.Driver.Api", "Toci.Driver.Api\Toci.Driver.Api.csproj", "{CC8F734F-78EC-48CF-8EF5-710FFCE78DEC}"
EndProject
Project("{9A19103F-16F7-4668-BE54-9A1E7A4F7556}") = "Toci.Driver.Database.Persistence", "Toci.Driver.Database.Persistence\Toci.Driver.Database.Persistence.csproj", "{F3FF1397-B4D7-4130-97BE-31DF7DD190EA}"
EndProject
Project("{2150E333-8FDC-42A3-9474-1A3956D46DE8}") = "Sql", "Sql", "{A662B894-F584-4249-902F-47612C3E8E94}"
	ProjectSection(SolutionItems) = preProject
		..\SQL\cars.txt = ..\SQL\cars.txt
		..\SQL\colours.txt = ..\SQL\colours.txt
		..\SQL\geog_azg.sql = ..\SQL\geog_azg.sql
		..\SQL\geog_azg.txt = ..\SQL\geog_azg.txt
		..\SQL\morecars.txt = ..\SQL\morecars.txt
		..\SQL\professions.txt = ..\SQL\professions.txt
		..\SQL\rescue.sql = ..\SQL\rescue.sql
		..\SQL\social.sql = ..\SQL\social.sql
		..\SQL\wheelo.sql = ..\SQL\wheelo.sql
	EndProjectSection
EndProject
Project("{2150E333-8FDC-42A3-9474-1A3956D46DE8}") = "Intotech", "Intotech", "{66179D80-4651-4A88-BD8D-83766DC4B059}"
EndProject
Project("{9A19103F-16F7-4668-BE54-9A1E7A4F7556}") = "Intotech.Wheelo.Bll.Persistence.Interfaces", "Intotech.Wheelo.Bll.Persistence.Interfaces\Intotech.Wheelo.Bll.Persistence.Interfaces.csproj", "{937804BB-FFA7-4427-AFEC-5E19B667C5E5}"
EndProject
Project("{9A19103F-16F7-4668-BE54-9A1E7A4F7556}") = "Intotech.Wheelo.Bll.Persistence", "Intotech.Wheelo.Bll.Persistence\Intotech.Wheelo.Bll.Persistence.csproj", "{2632C2CE-C949-422B-B536-3616BA262C46}"
EndProject
Project("{9A19103F-16F7-4668-BE54-9A1E7A4F7556}") = "Intotech.Wheelo.Bll.Porsche.Interfaces", "Intotech.Wheelo.Bll.Porsche.Interfaces\Intotech.Wheelo.Bll.Porsche.Interfaces.csproj", "{008B2636-6855-467B-BF08-4713CB59BD72}"
EndProject
Project("{9A19103F-16F7-4668-BE54-9A1E7A4F7556}") = "Intotech.Wheelo.Bll.Porsche", "Intotech.Wheelo.Bll.Porsche\Intotech.Wheelo.Bll.Porsche.csproj", "{B80A75D4-929F-45F5-874A-4F757EDBB30A}"
EndProject
Project("{9A19103F-16F7-4668-BE54-9A1E7A4F7556}") = "Intotech.Wheelo.Bll.Models", "Intotech.Wheelo.Bll.Models\Intotech.Wheelo.Bll.Models.csproj", "{075AE1B3-F8E9-4E2F-9672-A4601738069E}"
EndProject
Project("{9A19103F-16F7-4668-BE54-9A1E7A4F7556}") = "Intotech.Common", "..\..\Intotech.Common\Intotech.Common\Intotech.Common.csproj", "{4798E537-3DE2-4C83-9EA4-CA138BF87A60}"
EndProject
Project("{9A19103F-16F7-4668-BE54-9A1E7A4F7556}") = "Intotech.Common.Bll", "..\..\Intotech.Common\Intotech.Common.Bll\Intotech.Common.Bll.csproj", "{B31CE6D8-2F5F-4D78-B030-DDEAE30C17DF}"
EndProject
Project("{9A19103F-16F7-4668-BE54-9A1E7A4F7556}") = "Intotech.Common.Bll.Interfaces", "..\..\Intotech.Common\Intotech.Common.Bll.Interfaces\Intotech.Common.Bll.Interfaces.csproj", "{78339B5E-7F40-4363-A79E-75137BB743F3}"
EndProject
Project("{9A19103F-16F7-4668-BE54-9A1E7A4F7556}") = "Intotech.Common.Database.Interfaces", "..\..\Intotech.Common\Intotech.Common.Database.Interfaces\Intotech.Common.Database.Interfaces.csproj", "{5CF14AFC-1CFF-4273-B32B-AA54DA37B0C4}"
EndProject
Project("{9A19103F-16F7-4668-BE54-9A1E7A4F7556}") = "Intotech.Common.Database", "..\..\Intotech.Common\Toci.Common.Database\Intotech.Common.Database.csproj", "{125DA61A-1522-45A4-AF8C-C5882247142A}"
EndProject
Project("{9A19103F-16F7-4668-BE54-9A1E7A4F7556}") = "Intotech.Common.Microservices", "..\..\Intotech.Common\Intotech.Common.Microservices\Intotech.Common.Microservices.csproj", "{B9FA8444-29B3-4CF0-A188-3804000218C2}"
EndProject
Project("{9A19103F-16F7-4668-BE54-9A1E7A4F7556}") = "Intotech.ExcelLibrary.Extensions", "..\..\Intotech.Common\Intotech.ExcelLibrary.Extensions\Intotech.ExcelLibrary.Extensions.csproj", "{4234C2E5-8C5F-47BA-9DDF-C3E96D73A94B}"
EndProject
Project("{9A19103F-16F7-4668-BE54-9A1E7A4F7556}") = "Intotech.Common.Microservices.Interfaces", "..\..\Intotech.Common\Intotech.Common.Microservices.Interfaces\Intotech.Common.Microservices.Interfaces.csproj", "{D5B0B8CE-4CB2-42C1-898D-C63DB309B61A}"
EndProject
Project("{9A19103F-16F7-4668-BE54-9A1E7A4F7556}") = "Intotech.Wheelo.Tests", "Intotech.Wheelo.Tests\Intotech.Wheelo.Tests.csproj", "{1E14C2C2-EDAE-4732-9267-B1F6889DB0D7}"
EndProject
Project("{9A19103F-16F7-4668-BE54-9A1E7A4F7556}") = "Intotech.Common.Tests", "..\..\Intotech.Common\Intotech.Common.Tests\Intotech.Common.Tests.csproj", "{436BB7D5-5E9A-4CE5-AD0C-EFDD106DACC3}"
EndProject
Project("{2150E333-8FDC-42A3-9474-1A3956D46DE8}") = "Intotech.Wheelo.Chat", "Intotech.Wheelo.Chat", "{07317F59-E9F6-4DA2-B7ED-57CE95D5AE95}"
EndProject
Project("{2150E333-8FDC-42A3-9474-1A3956D46DE8}") = "Sql", "Sql", "{4B31F6CD-BAE5-4416-9A7E-7CD74459E6A7}"
	ProjectSection(SolutionItems) = preProject
		Wheelo.Chat.sql = Wheelo.Chat.sql
	EndProjectSection
EndProject
Project("{2150E333-8FDC-42A3-9474-1A3956D46DE8}") = "CarsModelsXmls", "CarsModelsXmls", "{51BED2FE-11DB-4E9C-B6E6-F4611B6A4EAE}"
	ProjectSection(SolutionItems) = preProject
		..\SQL\CarsModelsXmls\Abarth.txt = ..\SQL\CarsModelsXmls\Abarth.txt
		..\SQL\CarsModelsXmls\Acura.txt = ..\SQL\CarsModelsXmls\Acura.txt
		..\SQL\CarsModelsXmls\Alfa romeo.txt = ..\SQL\CarsModelsXmls\Alfa romeo.txt
		..\SQL\CarsModelsXmls\Aston Martin.txt = ..\SQL\CarsModelsXmls\Aston Martin.txt
		..\SQL\CarsModelsXmls\Audi.txt = ..\SQL\CarsModelsXmls\Audi.txt
		..\SQL\CarsModelsXmls\Bentley.txt = ..\SQL\CarsModelsXmls\Bentley.txt
		..\SQL\CarsModelsXmls\BMW.txt = ..\SQL\CarsModelsXmls\BMW.txt
		..\SQL\CarsModelsXmls\Bugati.txt = ..\SQL\CarsModelsXmls\Bugati.txt
		..\SQL\CarsModelsXmls\Cadilac.txt = ..\SQL\CarsModelsXmls\Cadilac.txt
		..\SQL\CarsModelsXmls\Chevrolet.txt = ..\SQL\CarsModelsXmls\Chevrolet.txt
		..\SQL\CarsModelsXmls\Chrysler.txt = ..\SQL\CarsModelsXmls\Chrysler.txt
		..\SQL\CarsModelsXmls\Citroen.txt = ..\SQL\CarsModelsXmls\Citroen.txt
		..\SQL\CarsModelsXmls\Dacia.txt = ..\SQL\CarsModelsXmls\Dacia.txt
		..\SQL\CarsModelsXmls\Daewoo.txt = ..\SQL\CarsModelsXmls\Daewoo.txt
		..\SQL\CarsModelsXmls\Dodge.txt = ..\SQL\CarsModelsXmls\Dodge.txt
		Ferrari.txt = Ferrari.txt
		..\SQL\CarsModelsXmls\Ferrari.txt = ..\SQL\CarsModelsXmls\Ferrari.txt
		Fiat.txt = Fiat.txt
		..\SQL\CarsModelsXmls\Fiat.txt = ..\SQL\CarsModelsXmls\Fiat.txt
		Ford.txt = Ford.txt
		..\SQL\CarsModelsXmls\Ford.txt = ..\SQL\CarsModelsXmls\Ford.txt
		FSO.txt = FSO.txt
		..\SQL\CarsModelsXmls\FSO.txt = ..\SQL\CarsModelsXmls\FSO.txt
		GAZ.txt = GAZ.txt
		..\SQL\CarsModelsXmls\GAZ.txt = ..\SQL\CarsModelsXmls\GAZ.txt
		GMC.txt = GMC.txt
		..\SQL\CarsModelsXmls\GMC.txt = ..\SQL\CarsModelsXmls\GMC.txt
		Honda.txt = Honda.txt
		..\SQL\CarsModelsXmls\Honda.txt = ..\SQL\CarsModelsXmls\Honda.txt
		Hummer.txt = Hummer.txt
		..\SQL\CarsModelsXmls\Hummer.txt = ..\SQL\CarsModelsXmls\Hummer.txt
		Hyundai.txt = Hyundai.txt
		..\SQL\CarsModelsXmls\Hyundai.txt = ..\SQL\CarsModelsXmls\Hyundai.txt
		Infiniti.txt = Infiniti.txt
		..\SQL\CarsModelsXmls\Infiniti.txt = ..\SQL\CarsModelsXmls\Infiniti.txt
		Isuzu.txt = Isuzu.txt
		..\SQL\CarsModelsXmls\Isuzu.txt = ..\SQL\CarsModelsXmls\Isuzu.txt
		IVECO.txt = IVECO.txt
		..\SQL\CarsModelsXmls\IVECO.txt = ..\SQL\CarsModelsXmls\IVECO.txt
		Jaguar.txt = Jaguar.txt
		..\SQL\CarsModelsXmls\Jaguar.txt = ..\SQL\CarsModelsXmls\Jaguar.txt
		Jeep.txt = Jeep.txt
		..\SQL\CarsModelsXmls\Jeep.txt = ..\SQL\CarsModelsXmls\Jeep.txt
		Kia.txt = Kia.txt
		..\SQL\CarsModelsXmls\Kia.txt = ..\SQL\CarsModelsXmls\Kia.txt
		Lamborghini.txt = Lamborghini.txt
		..\SQL\CarsModelsXmls\Lamborghini.txt = ..\SQL\CarsModelsXmls\Lamborghini.txt
		Lancia.txt = Lancia.txt
		..\SQL\CarsModelsXmls\Lancia.txt = ..\SQL\CarsModelsXmls\Lancia.txt
		Land Rover.txt = Land Rover.txt
		..\SQL\CarsModelsXmls\Land Rover.txt = ..\SQL\CarsModelsXmls\Land Rover.txt
		Lexus.txt = Lexus.txt
		..\SQL\CarsModelsXmls\Lexus.txt = ..\SQL\CarsModelsXmls\Lexus.txt
		..\SQL\CarsModelsXmls\Lincoln.txt = ..\SQL\CarsModelsXmls\Lincoln.txt
		..\SQL\CarsModelsXmls\LiXiang.txt = ..\SQL\CarsModelsXmls\LiXiang.txt
		..\SQL\CarsModelsXmls\Lotus.txt = ..\SQL\CarsModelsXmls\Lotus.txt
		..\SQL\CarsModelsXmls\LuAZ.txt = ..\SQL\CarsModelsXmls\LuAZ.txt
		..\SQL\CarsModelsXmls\Luxgen.txt = ..\SQL\CarsModelsXmls\Luxgen.txt
		..\SQL\CarsModelsXmls\Mahindra.txt = ..\SQL\CarsModelsXmls\Mahindra.txt
		..\SQL\CarsModelsXmls\Marcos.txt = ..\SQL\CarsModelsXmls\Marcos.txt
		..\SQL\CarsModelsXmls\Martin.txt = ..\SQL\CarsModelsXmls\Martin.txt
		..\SQL\CarsModelsXmls\Maruti.txt = ..\SQL\CarsModelsXmls\Maruti.txt
		..\SQL\CarsModelsXmls\Maserati.txt = ..\SQL\CarsModelsXmls\Maserati.txt
		..\SQL\CarsModelsXmls\Maybach.txt = ..\SQL\CarsModelsXmls\Maybach.txt
		..\SQL\CarsModelsXmls\Mazda.txt = ..\SQL\CarsModelsXmls\Mazda.txt
		..\SQL\CarsModelsXmls\McLaren.txt = ..\SQL\CarsModelsXmls\McLaren.txt
		..\SQL\CarsModelsXmls\Mega.txt = ..\SQL\CarsModelsXmls\Mega.txt
		..\SQL\CarsModelsXmls\Mercedes-Benz.txt = ..\SQL\CarsModelsXmls\Mercedes-Benz.txt
		..\SQL\CarsModelsXmls\Mercury.txt = ..\SQL\CarsModelsXmls\Mercury.txt
		..\SQL\CarsModelsXmls\MG.txt = ..\SQL\CarsModelsXmls\MG.txt
		..\SQL\CarsModelsXmls\Microcar.txt = ..\SQL\CarsModelsXmls\Microcar.txt
		..\SQL\CarsModelsXmls\Mini.txt = ..\SQL\CarsModelsXmls\Mini.txt
		..\SQL\CarsModelsXmls\Mitsubishi.txt = ..\SQL\CarsModelsXmls\Mitsubishi.txt
		..\SQL\CarsModelsXmls\Mitsuoka.txt = ..\SQL\CarsModelsXmls\Mitsuoka.txt
		..\SQL\CarsModelsXmls\Morgan.txt = ..\SQL\CarsModelsXmls\Morgan.txt
		..\SQL\CarsModelsXmls\Moskal.txt = ..\SQL\CarsModelsXmls\Moskal.txt
		..\SQL\CarsModelsXmls\Nio.txt = ..\SQL\CarsModelsXmls\Nio.txt
		..\SQL\CarsModelsXmls\Nissan.txt = ..\SQL\CarsModelsXmls\Nissan.txt
		..\SQL\CarsModelsXmls\Noble.txt = ..\SQL\CarsModelsXmls\Noble.txt
		..\SQL\CarsModelsXmls\Oldsmobile.txt = ..\SQL\CarsModelsXmls\Oldsmobile.txt
		..\SQL\CarsModelsXmls\Opel.txt = ..\SQL\CarsModelsXmls\Opel.txt
		..\SQL\CarsModelsXmls\Packard.txt = ..\SQL\CarsModelsXmls\Packard.txt
		..\SQL\CarsModelsXmls\Pagani.txt = ..\SQL\CarsModelsXmls\Pagani.txt
		..\SQL\CarsModelsXmls\Perodua.txt = ..\SQL\CarsModelsXmls\Perodua.txt
		..\SQL\CarsModelsXmls\Peugeot.txt = ..\SQL\CarsModelsXmls\Peugeot.txt
		..\SQL\CarsModelsXmls\Piaggio.txt = ..\SQL\CarsModelsXmls\Piaggio.txt
		..\SQL\CarsModelsXmls\Plymouth.txt = ..\SQL\CarsModelsXmls\Plymouth.txt
		..\SQL\CarsModelsXmls\Pontiac.txt = ..\SQL\CarsModelsXmls\Pontiac.txt
		..\SQL\CarsModelsXmls\Porsche.txt = ..\SQL\CarsModelsXmls\Porsche.txt
		Renault.txt = Renault.txt
		..\SQL\CarsModelsXmls\Renault.txt = ..\SQL\CarsModelsXmls\Renault.txt
		Rolls-Royce.txt = Rolls-Royce.txt
		..\SQL\CarsModelsXmls\Rolls-Royce.txt = ..\SQL\CarsModelsXmls\Rolls-Royce.txt
		Rover.txt = Rover.txt
		..\SQL\CarsModelsXmls\Rover.txt = ..\SQL\CarsModelsXmls\Rover.txt
		Saab.txt = Saab.txt
		..\SQL\CarsModelsXmls\Saab.txt = ..\SQL\CarsModelsXmls\Saab.txt
		SEAT.txt = SEAT.txt
		..\SQL\CarsModelsXmls\SEAT.txt = ..\SQL\CarsModelsXmls\SEAT.txt
		Skoda.txt = Skoda.txt
		..\SQL\CarsModelsXmls\Skoda.txt = ..\SQL\CarsModelsXmls\Skoda.txt
		Smart.txt = Smart.txt
		..\SQL\CarsModelsXmls\Smart.txt = ..\SQL\CarsModelsXmls\Smart.txt
		SsangYong.txt = SsangYong.txt
		..\SQL\CarsModelsXmls\SsangYong.txt = ..\SQL\CarsModelsXmls\SsangYong.txt
		Subaru.txt = Subaru.txt
		..\SQL\CarsModelsXmls\Subaru.txt = ..\SQL\CarsModelsXmls\Subaru.txt
		Suzuki.txt = Suzuki.txt
		..\SQL\CarsModelsXmls\Suzuki.txt = ..\SQL\CarsModelsXmls\Suzuki.txt
		Tata.txt = Tata.txt
		..\SQL\CarsModelsXmls\Tata.txt = ..\SQL\CarsModelsXmls\Tata.txt
		..\SQL\CarsModelsXmls\Tatra.txt = ..\SQL\CarsModelsXmls\Tatra.txt
		..\SQL\CarsModelsXmls\Tesla.txt = ..\SQL\CarsModelsXmls\Tesla.txt
		..\SQL\CarsModelsXmls\Toyota.txt = ..\SQL\CarsModelsXmls\Toyota.txt
		..\SQL\CarsModelsXmls\Trabant.txt = ..\SQL\CarsModelsXmls\Trabant.txt
		..\SQL\CarsModelsXmls\Volkswagen.txt = ..\SQL\CarsModelsXmls\Volkswagen.txt
		..\SQL\CarsModelsXmls\Volvo.txt = ..\SQL\CarsModelsXmls\Volvo.txt
		..\SQL\CarsModelsXmls\Wartburg.txt = ..\SQL\CarsModelsXmls\Wartburg.txt
		..\SQL\CarsModelsXmls\Zastava.txt = ..\SQL\CarsModelsXmls\Zastava.txt
		..\SQL\CarsModelsXmls\ZIŁ.txt = ..\SQL\CarsModelsXmls\ZIŁ.txt
	EndProjectSection
EndProject
Project("{2150E333-8FDC-42A3-9474-1A3956D46DE8}") = "Intotech.Wheelo.Cmc", "Intotech.Wheelo.Cmc", "{D34BE5B1-9625-4499-AD6D-618951CA5060}"
EndProject
Project("{9A19103F-16F7-4668-BE54-9A1E7A4F7556}") = "Intotech.Wheelo.Bll.Bentley.Interfaces", "Intotech.Wheelo.Bll.Bentley.Interfaces\Intotech.Wheelo.Bll.Bentley.Interfaces.csproj", "{35622B2F-3723-47E0-9134-8F1A482B64C3}"
EndProject
Project("{9A19103F-16F7-4668-BE54-9A1E7A4F7556}") = "Intotech.Wheelo.Bll.Bentley", "Intotech.Wheelo.Bll.Bentley\Intotech.Wheelo.Bll.Bentley.csproj", "{E7690F8C-9644-432A-8399-C0E7672EC300}"
EndProject
Project("{9A19103F-16F7-4668-BE54-9A1E7A4F7556}") = "Intotech.Wheelo.Cmc.Api", "Intotech.Wheelo.Cmc.Api\Intotech.Wheelo.Cmc.Api.csproj", "{E5148A6E-293C-4E65-B323-743247B96A3B}"
EndProject
Project("{2150E333-8FDC-42A3-9474-1A3956D46DE8}") = "Intotech.Wheelo.Social", "Intotech.Wheelo.Social", "{36E8836E-455B-44CA-ADD6-5E0C90D5D38B}"
EndProject
Project("{9A19103F-16F7-4668-BE54-9A1E7A4F7556}") = "Intotech.Wheelo.Social.Database.Persistence", "Intotech.Wheelo.Social.Database.Persistence\Intotech.Wheelo.Social.Database.Persistence.csproj", "{EDEBF1A0-509D-4C1C-AE47-AD996CFC4111}"
EndProject
Project("{9A19103F-16F7-4668-BE54-9A1E7A4F7556}") = "Intotech.Wheelo.Social.Bll.Persistence.Interfaces", "Intotech.Wheelo.Social.Bll.Persistence.Interfaces\Intotech.Wheelo.Social.Bll.Persistence.Interfaces.csproj", "{F2D25DF2-8A33-4194-A9FE-992AB9685B05}"
EndProject
Project("{9A19103F-16F7-4668-BE54-9A1E7A4F7556}") = "Intotech.Wheelo.Social.Bll.Persistence", "Intotech.Wheelo.Social.Bll.Persistence\Intotech.Wheelo.Social.Bll.Persistence.csproj", "{3E82B28D-537E-4D32-82B7-289880EAFD2A}"
EndProject
Project("{9A19103F-16F7-4668-BE54-9A1E7A4F7556}") = "Intotech.Wheelo.Social.Bll.Lamborgini.Interfaces", "Intotech.Wheelo.Social.Bll.Lamborgini.Interfaces\Intotech.Wheelo.Social.Bll.Lamborgini.Interfaces.csproj", "{54BF52BB-3E2B-4FB0-BE1A-D50B660EB583}"
EndProject
Project("{9A19103F-16F7-4668-BE54-9A1E7A4F7556}") = "Intotech.Wheelo.Social.Bll.Lamborgini", "Intotech.Wheelo.Social.Bll.Lamborgini\Intotech.Wheelo.Social.Bll.Lamborgini.csproj", "{A26CCDD6-941F-41FD-A666-9C3F544B180C}"
EndProject
Project("{9A19103F-16F7-4668-BE54-9A1E7A4F7556}") = "Intotech.Wheelo.Social.Api", "Intotech.Wheelo.Social.Api\Intotech.Wheelo.Social.Api.csproj", "{AB8D5663-9982-4E73-8290-E064EC5CE669}"
EndProject
Project("{9A19103F-16F7-4668-BE54-9A1E7A4F7556}") = "Intotech.Wheelo.Social.Bll.Pontiac.Interfaces", "Intotech.Wheelo.Social.Bll.Pontiac.Interfaces\Intotech.Wheelo.Social.Bll.Pontiac.Interfaces.csproj", "{22748790-5D9A-4D9E-A882-96090E79AB53}"
EndProject
Project("{9A19103F-16F7-4668-BE54-9A1E7A4F7556}") = "Intotech.Wheelo.Social.Bll.Pontiac", "Intotech.Wheelo.Social.Bll.Pontiac\Intotech.Wheelo.Social.Bll.Pontiac.csproj", "{3AB35E73-DAF6-424C-864A-8D576A4DDC4E}"
EndProject
Project("{9A19103F-16F7-4668-BE54-9A1E7A4F7556}") = "Intotech.Wheelo.Social.Tests", "Intotech.Wheelo.Social.Tests\Intotech.Wheelo.Social.Tests.csproj", "{46CCFFFA-0C9C-41C5-ABAB-01092C1AB39E}"
EndProject
Project("{9A19103F-16F7-4668-BE54-9A1E7A4F7556}") = "Intotech.Warrior", "Intotech.Warrior\Intotech.Warrior.csproj", "{FC6FC797-3ADC-41A4-AA65-6DB2A65E959A}"
EndProject
Project("{9A19103F-16F7-4668-BE54-9A1E7A4F7556}") = "Intotech.ReflectiveTools", "..\..\Intotech.Common\Intotech.ReflectiveTools\Intotech.ReflectiveTools.csproj", "{4547042D-DE1F-43EF-A3BC-F4DC8B43CD91}"
EndProject
Project("{9A19103F-16F7-4668-BE54-9A1E7A4F7556}") = "Intotech.Runner", "..\..\Intotech.Common\Intotech.Runner\Intotech.Runner.csproj", "{842D52B0-EFF2-4E15-AD2D-3E516C851115}"
EndProject
Global
	GlobalSection(SolutionConfigurationPlatforms) = preSolution
		Debug|Any CPU = Debug|Any CPU
		Debug|x64 = Debug|x64
		Release|Any CPU = Release|Any CPU
		Release|x64 = Release|x64
	EndGlobalSection
	GlobalSection(ProjectConfigurationPlatforms) = postSolution
		{6307169E-918C-43C4-802B-7F035296C0AF}.Debug|Any CPU.ActiveCfg = Debug|Any CPU
		{6307169E-918C-43C4-802B-7F035296C0AF}.Debug|Any CPU.Build.0 = Debug|Any CPU
		{6307169E-918C-43C4-802B-7F035296C0AF}.Debug|x64.ActiveCfg = Debug|Any CPU
		{6307169E-918C-43C4-802B-7F035296C0AF}.Debug|x64.Build.0 = Debug|Any CPU
		{6307169E-918C-43C4-802B-7F035296C0AF}.Release|Any CPU.ActiveCfg = Release|Any CPU
		{6307169E-918C-43C4-802B-7F035296C0AF}.Release|Any CPU.Build.0 = Release|Any CPU
		{6307169E-918C-43C4-802B-7F035296C0AF}.Release|x64.ActiveCfg = Release|Any CPU
		{6307169E-918C-43C4-802B-7F035296C0AF}.Release|x64.Build.0 = Release|Any CPU
		{CC8F734F-78EC-48CF-8EF5-710FFCE78DEC}.Debug|Any CPU.ActiveCfg = Debug|Any CPU
		{CC8F734F-78EC-48CF-8EF5-710FFCE78DEC}.Debug|Any CPU.Build.0 = Debug|Any CPU
		{CC8F734F-78EC-48CF-8EF5-710FFCE78DEC}.Debug|x64.ActiveCfg = Debug|Any CPU
		{CC8F734F-78EC-48CF-8EF5-710FFCE78DEC}.Debug|x64.Build.0 = Debug|Any CPU
		{CC8F734F-78EC-48CF-8EF5-710FFCE78DEC}.Release|Any CPU.ActiveCfg = Release|Any CPU
		{CC8F734F-78EC-48CF-8EF5-710FFCE78DEC}.Release|Any CPU.Build.0 = Release|Any CPU
		{CC8F734F-78EC-48CF-8EF5-710FFCE78DEC}.Release|x64.ActiveCfg = Release|Any CPU
		{CC8F734F-78EC-48CF-8EF5-710FFCE78DEC}.Release|x64.Build.0 = Release|Any CPU
		{F3FF1397-B4D7-4130-97BE-31DF7DD190EA}.Debug|Any CPU.ActiveCfg = Debug|Any CPU
		{F3FF1397-B4D7-4130-97BE-31DF7DD190EA}.Debug|Any CPU.Build.0 = Debug|Any CPU
		{F3FF1397-B4D7-4130-97BE-31DF7DD190EA}.Debug|x64.ActiveCfg = Debug|x64
		{F3FF1397-B4D7-4130-97BE-31DF7DD190EA}.Debug|x64.Build.0 = Debug|x64
		{F3FF1397-B4D7-4130-97BE-31DF7DD190EA}.Release|Any CPU.ActiveCfg = Release|Any CPU
		{F3FF1397-B4D7-4130-97BE-31DF7DD190EA}.Release|Any CPU.Build.0 = Release|Any CPU
		{F3FF1397-B4D7-4130-97BE-31DF7DD190EA}.Release|x64.ActiveCfg = Release|x64
		{F3FF1397-B4D7-4130-97BE-31DF7DD190EA}.Release|x64.Build.0 = Release|x64
		{937804BB-FFA7-4427-AFEC-5E19B667C5E5}.Debug|Any CPU.ActiveCfg = Debug|Any CPU
		{937804BB-FFA7-4427-AFEC-5E19B667C5E5}.Debug|Any CPU.Build.0 = Debug|Any CPU
		{937804BB-FFA7-4427-AFEC-5E19B667C5E5}.Debug|x64.ActiveCfg = Debug|Any CPU
		{937804BB-FFA7-4427-AFEC-5E19B667C5E5}.Debug|x64.Build.0 = Debug|Any CPU
		{937804BB-FFA7-4427-AFEC-5E19B667C5E5}.Release|Any CPU.ActiveCfg = Release|Any CPU
		{937804BB-FFA7-4427-AFEC-5E19B667C5E5}.Release|Any CPU.Build.0 = Release|Any CPU
		{937804BB-FFA7-4427-AFEC-5E19B667C5E5}.Release|x64.ActiveCfg = Release|Any CPU
		{937804BB-FFA7-4427-AFEC-5E19B667C5E5}.Release|x64.Build.0 = Release|Any CPU
		{2632C2CE-C949-422B-B536-3616BA262C46}.Debug|Any CPU.ActiveCfg = Debug|Any CPU
		{2632C2CE-C949-422B-B536-3616BA262C46}.Debug|Any CPU.Build.0 = Debug|Any CPU
		{2632C2CE-C949-422B-B536-3616BA262C46}.Debug|x64.ActiveCfg = Debug|Any CPU
		{2632C2CE-C949-422B-B536-3616BA262C46}.Debug|x64.Build.0 = Debug|Any CPU
		{2632C2CE-C949-422B-B536-3616BA262C46}.Release|Any CPU.ActiveCfg = Release|Any CPU
		{2632C2CE-C949-422B-B536-3616BA262C46}.Release|Any CPU.Build.0 = Release|Any CPU
		{2632C2CE-C949-422B-B536-3616BA262C46}.Release|x64.ActiveCfg = Release|Any CPU
		{2632C2CE-C949-422B-B536-3616BA262C46}.Release|x64.Build.0 = Release|Any CPU
		{008B2636-6855-467B-BF08-4713CB59BD72}.Debug|Any CPU.ActiveCfg = Debug|Any CPU
		{008B2636-6855-467B-BF08-4713CB59BD72}.Debug|Any CPU.Build.0 = Debug|Any CPU
		{008B2636-6855-467B-BF08-4713CB59BD72}.Debug|x64.ActiveCfg = Debug|Any CPU
		{008B2636-6855-467B-BF08-4713CB59BD72}.Debug|x64.Build.0 = Debug|Any CPU
		{008B2636-6855-467B-BF08-4713CB59BD72}.Release|Any CPU.ActiveCfg = Release|Any CPU
		{008B2636-6855-467B-BF08-4713CB59BD72}.Release|Any CPU.Build.0 = Release|Any CPU
		{008B2636-6855-467B-BF08-4713CB59BD72}.Release|x64.ActiveCfg = Release|Any CPU
		{008B2636-6855-467B-BF08-4713CB59BD72}.Release|x64.Build.0 = Release|Any CPU
		{B80A75D4-929F-45F5-874A-4F757EDBB30A}.Debug|Any CPU.ActiveCfg = Debug|Any CPU
		{B80A75D4-929F-45F5-874A-4F757EDBB30A}.Debug|Any CPU.Build.0 = Debug|Any CPU
		{B80A75D4-929F-45F5-874A-4F757EDBB30A}.Debug|x64.ActiveCfg = Debug|Any CPU
		{B80A75D4-929F-45F5-874A-4F757EDBB30A}.Debug|x64.Build.0 = Debug|Any CPU
		{B80A75D4-929F-45F5-874A-4F757EDBB30A}.Release|Any CPU.ActiveCfg = Release|Any CPU
		{B80A75D4-929F-45F5-874A-4F757EDBB30A}.Release|Any CPU.Build.0 = Release|Any CPU
		{B80A75D4-929F-45F5-874A-4F757EDBB30A}.Release|x64.ActiveCfg = Release|Any CPU
		{B80A75D4-929F-45F5-874A-4F757EDBB30A}.Release|x64.Build.0 = Release|Any CPU
		{075AE1B3-F8E9-4E2F-9672-A4601738069E}.Debug|Any CPU.ActiveCfg = Debug|Any CPU
		{075AE1B3-F8E9-4E2F-9672-A4601738069E}.Debug|Any CPU.Build.0 = Debug|Any CPU
		{075AE1B3-F8E9-4E2F-9672-A4601738069E}.Debug|x64.ActiveCfg = Debug|Any CPU
		{075AE1B3-F8E9-4E2F-9672-A4601738069E}.Debug|x64.Build.0 = Debug|Any CPU
		{075AE1B3-F8E9-4E2F-9672-A4601738069E}.Release|Any CPU.ActiveCfg = Release|Any CPU
		{075AE1B3-F8E9-4E2F-9672-A4601738069E}.Release|Any CPU.Build.0 = Release|Any CPU
		{075AE1B3-F8E9-4E2F-9672-A4601738069E}.Release|x64.ActiveCfg = Release|Any CPU
		{075AE1B3-F8E9-4E2F-9672-A4601738069E}.Release|x64.Build.0 = Release|Any CPU
		{4798E537-3DE2-4C83-9EA4-CA138BF87A60}.Debug|Any CPU.ActiveCfg = Debug|Any CPU
		{4798E537-3DE2-4C83-9EA4-CA138BF87A60}.Debug|Any CPU.Build.0 = Debug|Any CPU
		{4798E537-3DE2-4C83-9EA4-CA138BF87A60}.Debug|x64.ActiveCfg = Debug|Any CPU
		{4798E537-3DE2-4C83-9EA4-CA138BF87A60}.Debug|x64.Build.0 = Debug|Any CPU
		{4798E537-3DE2-4C83-9EA4-CA138BF87A60}.Release|Any CPU.ActiveCfg = Release|Any CPU
		{4798E537-3DE2-4C83-9EA4-CA138BF87A60}.Release|Any CPU.Build.0 = Release|Any CPU
		{4798E537-3DE2-4C83-9EA4-CA138BF87A60}.Release|x64.ActiveCfg = Release|Any CPU
		{4798E537-3DE2-4C83-9EA4-CA138BF87A60}.Release|x64.Build.0 = Release|Any CPU
		{B31CE6D8-2F5F-4D78-B030-DDEAE30C17DF}.Debug|Any CPU.ActiveCfg = Debug|Any CPU
		{B31CE6D8-2F5F-4D78-B030-DDEAE30C17DF}.Debug|Any CPU.Build.0 = Debug|Any CPU
		{B31CE6D8-2F5F-4D78-B030-DDEAE30C17DF}.Debug|x64.ActiveCfg = Debug|Any CPU
		{B31CE6D8-2F5F-4D78-B030-DDEAE30C17DF}.Debug|x64.Build.0 = Debug|Any CPU
		{B31CE6D8-2F5F-4D78-B030-DDEAE30C17DF}.Release|Any CPU.ActiveCfg = Release|Any CPU
		{B31CE6D8-2F5F-4D78-B030-DDEAE30C17DF}.Release|Any CPU.Build.0 = Release|Any CPU
		{B31CE6D8-2F5F-4D78-B030-DDEAE30C17DF}.Release|x64.ActiveCfg = Release|Any CPU
		{B31CE6D8-2F5F-4D78-B030-DDEAE30C17DF}.Release|x64.Build.0 = Release|Any CPU
		{78339B5E-7F40-4363-A79E-75137BB743F3}.Debug|Any CPU.ActiveCfg = Debug|Any CPU
		{78339B5E-7F40-4363-A79E-75137BB743F3}.Debug|Any CPU.Build.0 = Debug|Any CPU
		{78339B5E-7F40-4363-A79E-75137BB743F3}.Debug|x64.ActiveCfg = Debug|Any CPU
		{78339B5E-7F40-4363-A79E-75137BB743F3}.Debug|x64.Build.0 = Debug|Any CPU
		{78339B5E-7F40-4363-A79E-75137BB743F3}.Release|Any CPU.ActiveCfg = Release|Any CPU
		{78339B5E-7F40-4363-A79E-75137BB743F3}.Release|Any CPU.Build.0 = Release|Any CPU
		{78339B5E-7F40-4363-A79E-75137BB743F3}.Release|x64.ActiveCfg = Release|Any CPU
		{78339B5E-7F40-4363-A79E-75137BB743F3}.Release|x64.Build.0 = Release|Any CPU
		{5CF14AFC-1CFF-4273-B32B-AA54DA37B0C4}.Debug|Any CPU.ActiveCfg = Debug|Any CPU
		{5CF14AFC-1CFF-4273-B32B-AA54DA37B0C4}.Debug|Any CPU.Build.0 = Debug|Any CPU
		{5CF14AFC-1CFF-4273-B32B-AA54DA37B0C4}.Debug|x64.ActiveCfg = Debug|Any CPU
		{5CF14AFC-1CFF-4273-B32B-AA54DA37B0C4}.Debug|x64.Build.0 = Debug|Any CPU
		{5CF14AFC-1CFF-4273-B32B-AA54DA37B0C4}.Release|Any CPU.ActiveCfg = Release|Any CPU
		{5CF14AFC-1CFF-4273-B32B-AA54DA37B0C4}.Release|Any CPU.Build.0 = Release|Any CPU
		{5CF14AFC-1CFF-4273-B32B-AA54DA37B0C4}.Release|x64.ActiveCfg = Release|Any CPU
		{5CF14AFC-1CFF-4273-B32B-AA54DA37B0C4}.Release|x64.Build.0 = Release|Any CPU
		{125DA61A-1522-45A4-AF8C-C5882247142A}.Debug|Any CPU.ActiveCfg = Debug|Any CPU
		{125DA61A-1522-45A4-AF8C-C5882247142A}.Debug|Any CPU.Build.0 = Debug|Any CPU
		{125DA61A-1522-45A4-AF8C-C5882247142A}.Debug|x64.ActiveCfg = Debug|Any CPU
		{125DA61A-1522-45A4-AF8C-C5882247142A}.Debug|x64.Build.0 = Debug|Any CPU
		{125DA61A-1522-45A4-AF8C-C5882247142A}.Release|Any CPU.ActiveCfg = Release|Any CPU
		{125DA61A-1522-45A4-AF8C-C5882247142A}.Release|Any CPU.Build.0 = Release|Any CPU
		{125DA61A-1522-45A4-AF8C-C5882247142A}.Release|x64.ActiveCfg = Release|Any CPU
		{125DA61A-1522-45A4-AF8C-C5882247142A}.Release|x64.Build.0 = Release|Any CPU
		{B9FA8444-29B3-4CF0-A188-3804000218C2}.Debug|Any CPU.ActiveCfg = Debug|Any CPU
		{B9FA8444-29B3-4CF0-A188-3804000218C2}.Debug|Any CPU.Build.0 = Debug|Any CPU
		{B9FA8444-29B3-4CF0-A188-3804000218C2}.Debug|x64.ActiveCfg = Debug|Any CPU
		{B9FA8444-29B3-4CF0-A188-3804000218C2}.Debug|x64.Build.0 = Debug|Any CPU
		{B9FA8444-29B3-4CF0-A188-3804000218C2}.Release|Any CPU.ActiveCfg = Release|Any CPU
		{B9FA8444-29B3-4CF0-A188-3804000218C2}.Release|Any CPU.Build.0 = Release|Any CPU
		{B9FA8444-29B3-4CF0-A188-3804000218C2}.Release|x64.ActiveCfg = Release|Any CPU
		{B9FA8444-29B3-4CF0-A188-3804000218C2}.Release|x64.Build.0 = Release|Any CPU
		{4234C2E5-8C5F-47BA-9DDF-C3E96D73A94B}.Debug|Any CPU.ActiveCfg = Debug|Any CPU
		{4234C2E5-8C5F-47BA-9DDF-C3E96D73A94B}.Debug|Any CPU.Build.0 = Debug|Any CPU
		{4234C2E5-8C5F-47BA-9DDF-C3E96D73A94B}.Debug|x64.ActiveCfg = Debug|Any CPU
		{4234C2E5-8C5F-47BA-9DDF-C3E96D73A94B}.Debug|x64.Build.0 = Debug|Any CPU
		{4234C2E5-8C5F-47BA-9DDF-C3E96D73A94B}.Release|Any CPU.ActiveCfg = Release|Any CPU
		{4234C2E5-8C5F-47BA-9DDF-C3E96D73A94B}.Release|Any CPU.Build.0 = Release|Any CPU
		{4234C2E5-8C5F-47BA-9DDF-C3E96D73A94B}.Release|x64.ActiveCfg = Release|Any CPU
		{4234C2E5-8C5F-47BA-9DDF-C3E96D73A94B}.Release|x64.Build.0 = Release|Any CPU
		{D5B0B8CE-4CB2-42C1-898D-C63DB309B61A}.Debug|Any CPU.ActiveCfg = Debug|Any CPU
		{D5B0B8CE-4CB2-42C1-898D-C63DB309B61A}.Debug|Any CPU.Build.0 = Debug|Any CPU
		{D5B0B8CE-4CB2-42C1-898D-C63DB309B61A}.Debug|x64.ActiveCfg = Debug|Any CPU
		{D5B0B8CE-4CB2-42C1-898D-C63DB309B61A}.Debug|x64.Build.0 = Debug|Any CPU
		{D5B0B8CE-4CB2-42C1-898D-C63DB309B61A}.Release|Any CPU.ActiveCfg = Release|Any CPU
		{D5B0B8CE-4CB2-42C1-898D-C63DB309B61A}.Release|Any CPU.Build.0 = Release|Any CPU
		{D5B0B8CE-4CB2-42C1-898D-C63DB309B61A}.Release|x64.ActiveCfg = Release|Any CPU
		{D5B0B8CE-4CB2-42C1-898D-C63DB309B61A}.Release|x64.Build.0 = Release|Any CPU
		{1E14C2C2-EDAE-4732-9267-B1F6889DB0D7}.Debug|Any CPU.ActiveCfg = Debug|Any CPU
		{1E14C2C2-EDAE-4732-9267-B1F6889DB0D7}.Debug|Any CPU.Build.0 = Debug|Any CPU
		{1E14C2C2-EDAE-4732-9267-B1F6889DB0D7}.Debug|x64.ActiveCfg = Debug|Any CPU
		{1E14C2C2-EDAE-4732-9267-B1F6889DB0D7}.Debug|x64.Build.0 = Debug|Any CPU
		{1E14C2C2-EDAE-4732-9267-B1F6889DB0D7}.Release|Any CPU.ActiveCfg = Release|Any CPU
		{1E14C2C2-EDAE-4732-9267-B1F6889DB0D7}.Release|Any CPU.Build.0 = Release|Any CPU
		{1E14C2C2-EDAE-4732-9267-B1F6889DB0D7}.Release|x64.ActiveCfg = Release|Any CPU
		{1E14C2C2-EDAE-4732-9267-B1F6889DB0D7}.Release|x64.Build.0 = Release|Any CPU
		{436BB7D5-5E9A-4CE5-AD0C-EFDD106DACC3}.Debug|Any CPU.ActiveCfg = Debug|Any CPU
		{436BB7D5-5E9A-4CE5-AD0C-EFDD106DACC3}.Debug|Any CPU.Build.0 = Debug|Any CPU
		{436BB7D5-5E9A-4CE5-AD0C-EFDD106DACC3}.Debug|x64.ActiveCfg = Debug|Any CPU
		{436BB7D5-5E9A-4CE5-AD0C-EFDD106DACC3}.Debug|x64.Build.0 = Debug|Any CPU
		{436BB7D5-5E9A-4CE5-AD0C-EFDD106DACC3}.Release|Any CPU.ActiveCfg = Release|Any CPU
		{436BB7D5-5E9A-4CE5-AD0C-EFDD106DACC3}.Release|Any CPU.Build.0 = Release|Any CPU
		{436BB7D5-5E9A-4CE5-AD0C-EFDD106DACC3}.Release|x64.ActiveCfg = Release|Any CPU
		{436BB7D5-5E9A-4CE5-AD0C-EFDD106DACC3}.Release|x64.Build.0 = Release|Any CPU
		{35622B2F-3723-47E0-9134-8F1A482B64C3}.Debug|Any CPU.ActiveCfg = Debug|Any CPU
		{35622B2F-3723-47E0-9134-8F1A482B64C3}.Debug|Any CPU.Build.0 = Debug|Any CPU
		{35622B2F-3723-47E0-9134-8F1A482B64C3}.Debug|x64.ActiveCfg = Debug|Any CPU
		{35622B2F-3723-47E0-9134-8F1A482B64C3}.Debug|x64.Build.0 = Debug|Any CPU
		{35622B2F-3723-47E0-9134-8F1A482B64C3}.Release|Any CPU.ActiveCfg = Release|Any CPU
		{35622B2F-3723-47E0-9134-8F1A482B64C3}.Release|Any CPU.Build.0 = Release|Any CPU
		{35622B2F-3723-47E0-9134-8F1A482B64C3}.Release|x64.ActiveCfg = Release|Any CPU
		{35622B2F-3723-47E0-9134-8F1A482B64C3}.Release|x64.Build.0 = Release|Any CPU
		{E7690F8C-9644-432A-8399-C0E7672EC300}.Debug|Any CPU.ActiveCfg = Debug|Any CPU
		{E7690F8C-9644-432A-8399-C0E7672EC300}.Debug|Any CPU.Build.0 = Debug|Any CPU
		{E7690F8C-9644-432A-8399-C0E7672EC300}.Debug|x64.ActiveCfg = Debug|Any CPU
		{E7690F8C-9644-432A-8399-C0E7672EC300}.Debug|x64.Build.0 = Debug|Any CPU
		{E7690F8C-9644-432A-8399-C0E7672EC300}.Release|Any CPU.ActiveCfg = Release|Any CPU
		{E7690F8C-9644-432A-8399-C0E7672EC300}.Release|Any CPU.Build.0 = Release|Any CPU
		{E7690F8C-9644-432A-8399-C0E7672EC300}.Release|x64.ActiveCfg = Release|Any CPU
		{E7690F8C-9644-432A-8399-C0E7672EC300}.Release|x64.Build.0 = Release|Any CPU
		{E5148A6E-293C-4E65-B323-743247B96A3B}.Debug|Any CPU.ActiveCfg = Debug|Any CPU
		{E5148A6E-293C-4E65-B323-743247B96A3B}.Debug|Any CPU.Build.0 = Debug|Any CPU
		{E5148A6E-293C-4E65-B323-743247B96A3B}.Debug|x64.ActiveCfg = Debug|Any CPU
		{E5148A6E-293C-4E65-B323-743247B96A3B}.Debug|x64.Build.0 = Debug|Any CPU
		{E5148A6E-293C-4E65-B323-743247B96A3B}.Release|Any CPU.ActiveCfg = Release|Any CPU
		{E5148A6E-293C-4E65-B323-743247B96A3B}.Release|Any CPU.Build.0 = Release|Any CPU
		{E5148A6E-293C-4E65-B323-743247B96A3B}.Release|x64.ActiveCfg = Release|Any CPU
		{E5148A6E-293C-4E65-B323-743247B96A3B}.Release|x64.Build.0 = Release|Any CPU
		{EDEBF1A0-509D-4C1C-AE47-AD996CFC4111}.Debug|Any CPU.ActiveCfg = Debug|Any CPU
		{EDEBF1A0-509D-4C1C-AE47-AD996CFC4111}.Debug|Any CPU.Build.0 = Debug|Any CPU
		{EDEBF1A0-509D-4C1C-AE47-AD996CFC4111}.Debug|x64.ActiveCfg = Debug|Any CPU
		{EDEBF1A0-509D-4C1C-AE47-AD996CFC4111}.Debug|x64.Build.0 = Debug|Any CPU
		{EDEBF1A0-509D-4C1C-AE47-AD996CFC4111}.Release|Any CPU.ActiveCfg = Release|Any CPU
		{EDEBF1A0-509D-4C1C-AE47-AD996CFC4111}.Release|Any CPU.Build.0 = Release|Any CPU
		{EDEBF1A0-509D-4C1C-AE47-AD996CFC4111}.Release|x64.ActiveCfg = Release|Any CPU
		{EDEBF1A0-509D-4C1C-AE47-AD996CFC4111}.Release|x64.Build.0 = Release|Any CPU
		{F2D25DF2-8A33-4194-A9FE-992AB9685B05}.Debug|Any CPU.ActiveCfg = Debug|Any CPU
		{F2D25DF2-8A33-4194-A9FE-992AB9685B05}.Debug|Any CPU.Build.0 = Debug|Any CPU
		{F2D25DF2-8A33-4194-A9FE-992AB9685B05}.Debug|x64.ActiveCfg = Debug|Any CPU
		{F2D25DF2-8A33-4194-A9FE-992AB9685B05}.Debug|x64.Build.0 = Debug|Any CPU
		{F2D25DF2-8A33-4194-A9FE-992AB9685B05}.Release|Any CPU.ActiveCfg = Release|Any CPU
		{F2D25DF2-8A33-4194-A9FE-992AB9685B05}.Release|Any CPU.Build.0 = Release|Any CPU
		{F2D25DF2-8A33-4194-A9FE-992AB9685B05}.Release|x64.ActiveCfg = Release|Any CPU
		{F2D25DF2-8A33-4194-A9FE-992AB9685B05}.Release|x64.Build.0 = Release|Any CPU
		{3E82B28D-537E-4D32-82B7-289880EAFD2A}.Debug|Any CPU.ActiveCfg = Debug|Any CPU
		{3E82B28D-537E-4D32-82B7-289880EAFD2A}.Debug|Any CPU.Build.0 = Debug|Any CPU
		{3E82B28D-537E-4D32-82B7-289880EAFD2A}.Debug|x64.ActiveCfg = Debug|Any CPU
		{3E82B28D-537E-4D32-82B7-289880EAFD2A}.Debug|x64.Build.0 = Debug|Any CPU
		{3E82B28D-537E-4D32-82B7-289880EAFD2A}.Release|Any CPU.ActiveCfg = Release|Any CPU
		{3E82B28D-537E-4D32-82B7-289880EAFD2A}.Release|Any CPU.Build.0 = Release|Any CPU
		{3E82B28D-537E-4D32-82B7-289880EAFD2A}.Release|x64.ActiveCfg = Release|Any CPU
		{3E82B28D-537E-4D32-82B7-289880EAFD2A}.Release|x64.Build.0 = Release|Any CPU
		{54BF52BB-3E2B-4FB0-BE1A-D50B660EB583}.Debug|Any CPU.ActiveCfg = Debug|Any CPU
		{54BF52BB-3E2B-4FB0-BE1A-D50B660EB583}.Debug|Any CPU.Build.0 = Debug|Any CPU
		{54BF52BB-3E2B-4FB0-BE1A-D50B660EB583}.Debug|x64.ActiveCfg = Debug|Any CPU
		{54BF52BB-3E2B-4FB0-BE1A-D50B660EB583}.Debug|x64.Build.0 = Debug|Any CPU
		{54BF52BB-3E2B-4FB0-BE1A-D50B660EB583}.Release|Any CPU.ActiveCfg = Release|Any CPU
		{54BF52BB-3E2B-4FB0-BE1A-D50B660EB583}.Release|Any CPU.Build.0 = Release|Any CPU
		{54BF52BB-3E2B-4FB0-BE1A-D50B660EB583}.Release|x64.ActiveCfg = Release|Any CPU
		{54BF52BB-3E2B-4FB0-BE1A-D50B660EB583}.Release|x64.Build.0 = Release|Any CPU
		{A26CCDD6-941F-41FD-A666-9C3F544B180C}.Debug|Any CPU.ActiveCfg = Debug|Any CPU
		{A26CCDD6-941F-41FD-A666-9C3F544B180C}.Debug|Any CPU.Build.0 = Debug|Any CPU
		{A26CCDD6-941F-41FD-A666-9C3F544B180C}.Debug|x64.ActiveCfg = Debug|Any CPU
		{A26CCDD6-941F-41FD-A666-9C3F544B180C}.Debug|x64.Build.0 = Debug|Any CPU
		{A26CCDD6-941F-41FD-A666-9C3F544B180C}.Release|Any CPU.ActiveCfg = Release|Any CPU
		{A26CCDD6-941F-41FD-A666-9C3F544B180C}.Release|Any CPU.Build.0 = Release|Any CPU
		{A26CCDD6-941F-41FD-A666-9C3F544B180C}.Release|x64.ActiveCfg = Release|Any CPU
		{A26CCDD6-941F-41FD-A666-9C3F544B180C}.Release|x64.Build.0 = Release|Any CPU
		{AB8D5663-9982-4E73-8290-E064EC5CE669}.Debug|Any CPU.ActiveCfg = Debug|Any CPU
		{AB8D5663-9982-4E73-8290-E064EC5CE669}.Debug|Any CPU.Build.0 = Debug|Any CPU
		{AB8D5663-9982-4E73-8290-E064EC5CE669}.Debug|x64.ActiveCfg = Debug|Any CPU
		{AB8D5663-9982-4E73-8290-E064EC5CE669}.Debug|x64.Build.0 = Debug|Any CPU
		{AB8D5663-9982-4E73-8290-E064EC5CE669}.Release|Any CPU.ActiveCfg = Release|Any CPU
		{AB8D5663-9982-4E73-8290-E064EC5CE669}.Release|Any CPU.Build.0 = Release|Any CPU
		{AB8D5663-9982-4E73-8290-E064EC5CE669}.Release|x64.ActiveCfg = Release|Any CPU
		{AB8D5663-9982-4E73-8290-E064EC5CE669}.Release|x64.Build.0 = Release|Any CPU
		{22748790-5D9A-4D9E-A882-96090E79AB53}.Debug|Any CPU.ActiveCfg = Debug|Any CPU
		{22748790-5D9A-4D9E-A882-96090E79AB53}.Debug|Any CPU.Build.0 = Debug|Any CPU
		{22748790-5D9A-4D9E-A882-96090E79AB53}.Debug|x64.ActiveCfg = Debug|Any CPU
		{22748790-5D9A-4D9E-A882-96090E79AB53}.Debug|x64.Build.0 = Debug|Any CPU
		{22748790-5D9A-4D9E-A882-96090E79AB53}.Release|Any CPU.ActiveCfg = Release|Any CPU
		{22748790-5D9A-4D9E-A882-96090E79AB53}.Release|Any CPU.Build.0 = Release|Any CPU
		{22748790-5D9A-4D9E-A882-96090E79AB53}.Release|x64.ActiveCfg = Release|Any CPU
		{22748790-5D9A-4D9E-A882-96090E79AB53}.Release|x64.Build.0 = Release|Any CPU
		{3AB35E73-DAF6-424C-864A-8D576A4DDC4E}.Debug|Any CPU.ActiveCfg = Debug|Any CPU
		{3AB35E73-DAF6-424C-864A-8D576A4DDC4E}.Debug|Any CPU.Build.0 = Debug|Any CPU
		{3AB35E73-DAF6-424C-864A-8D576A4DDC4E}.Debug|x64.ActiveCfg = Debug|Any CPU
		{3AB35E73-DAF6-424C-864A-8D576A4DDC4E}.Debug|x64.Build.0 = Debug|Any CPU
		{3AB35E73-DAF6-424C-864A-8D576A4DDC4E}.Release|Any CPU.ActiveCfg = Release|Any CPU
		{3AB35E73-DAF6-424C-864A-8D576A4DDC4E}.Release|Any CPU.Build.0 = Release|Any CPU
		{3AB35E73-DAF6-424C-864A-8D576A4DDC4E}.Release|x64.ActiveCfg = Release|Any CPU
		{3AB35E73-DAF6-424C-864A-8D576A4DDC4E}.Release|x64.Build.0 = Release|Any CPU
		{46CCFFFA-0C9C-41C5-ABAB-01092C1AB39E}.Debug|Any CPU.ActiveCfg = Debug|Any CPU
		{46CCFFFA-0C9C-41C5-ABAB-01092C1AB39E}.Debug|Any CPU.Build.0 = Debug|Any CPU
		{46CCFFFA-0C9C-41C5-ABAB-01092C1AB39E}.Debug|x64.ActiveCfg = Debug|Any CPU
		{46CCFFFA-0C9C-41C5-ABAB-01092C1AB39E}.Debug|x64.Build.0 = Debug|Any CPU
		{46CCFFFA-0C9C-41C5-ABAB-01092C1AB39E}.Release|Any CPU.ActiveCfg = Release|Any CPU
		{46CCFFFA-0C9C-41C5-ABAB-01092C1AB39E}.Release|Any CPU.Build.0 = Release|Any CPU
		{46CCFFFA-0C9C-41C5-ABAB-01092C1AB39E}.Release|x64.ActiveCfg = Release|Any CPU
		{46CCFFFA-0C9C-41C5-ABAB-01092C1AB39E}.Release|x64.Build.0 = Release|Any CPU
		{FC6FC797-3ADC-41A4-AA65-6DB2A65E959A}.Debug|Any CPU.ActiveCfg = Debug|Any CPU
		{FC6FC797-3ADC-41A4-AA65-6DB2A65E959A}.Debug|Any CPU.Build.0 = Debug|Any CPU
		{FC6FC797-3ADC-41A4-AA65-6DB2A65E959A}.Debug|x64.ActiveCfg = Debug|Any CPU
		{FC6FC797-3ADC-41A4-AA65-6DB2A65E959A}.Debug|x64.Build.0 = Debug|Any CPU
		{FC6FC797-3ADC-41A4-AA65-6DB2A65E959A}.Release|Any CPU.ActiveCfg = Release|Any CPU
		{FC6FC797-3ADC-41A4-AA65-6DB2A65E959A}.Release|Any CPU.Build.0 = Release|Any CPU
		{FC6FC797-3ADC-41A4-AA65-6DB2A65E959A}.Release|x64.ActiveCfg = Release|Any CPU
		{FC6FC797-3ADC-41A4-AA65-6DB2A65E959A}.Release|x64.Build.0 = Release|Any CPU
		{4547042D-DE1F-43EF-A3BC-F4DC8B43CD91}.Debug|Any CPU.ActiveCfg = Debug|Any CPU
		{4547042D-DE1F-43EF-A3BC-F4DC8B43CD91}.Debug|Any CPU.Build.0 = Debug|Any CPU
		{4547042D-DE1F-43EF-A3BC-F4DC8B43CD91}.Debug|x64.ActiveCfg = Debug|Any CPU
		{4547042D-DE1F-43EF-A3BC-F4DC8B43CD91}.Debug|x64.Build.0 = Debug|Any CPU
		{4547042D-DE1F-43EF-A3BC-F4DC8B43CD91}.Release|Any CPU.ActiveCfg = Release|Any CPU
		{4547042D-DE1F-43EF-A3BC-F4DC8B43CD91}.Release|Any CPU.Build.0 = Release|Any CPU
		{4547042D-DE1F-43EF-A3BC-F4DC8B43CD91}.Release|x64.ActiveCfg = Release|Any CPU
		{4547042D-DE1F-43EF-A3BC-F4DC8B43CD91}.Release|x64.Build.0 = Release|Any CPU
		{842D52B0-EFF2-4E15-AD2D-3E516C851115}.Debug|Any CPU.ActiveCfg = Debug|Any CPU
		{842D52B0-EFF2-4E15-AD2D-3E516C851115}.Debug|Any CPU.Build.0 = Debug|Any CPU
		{842D52B0-EFF2-4E15-AD2D-3E516C851115}.Debug|x64.ActiveCfg = Debug|Any CPU
		{842D52B0-EFF2-4E15-AD2D-3E516C851115}.Debug|x64.Build.0 = Debug|Any CPU
		{842D52B0-EFF2-4E15-AD2D-3E516C851115}.Release|Any CPU.ActiveCfg = Release|Any CPU
		{842D52B0-EFF2-4E15-AD2D-3E516C851115}.Release|Any CPU.Build.0 = Release|Any CPU
		{842D52B0-EFF2-4E15-AD2D-3E516C851115}.Release|x64.ActiveCfg = Release|Any CPU
		{842D52B0-EFF2-4E15-AD2D-3E516C851115}.Release|x64.Build.0 = Release|Any CPU
	EndGlobalSection
	GlobalSection(SolutionProperties) = preSolution
		HideSolutionNode = FALSE
	EndGlobalSection
	GlobalSection(NestedProjects) = preSolution
		{4798E537-3DE2-4C83-9EA4-CA138BF87A60} = {61CCF297-620A-40F2-9052-7A5396FA48E4}
		{B31CE6D8-2F5F-4D78-B030-DDEAE30C17DF} = {61CCF297-620A-40F2-9052-7A5396FA48E4}
		{78339B5E-7F40-4363-A79E-75137BB743F3} = {61CCF297-620A-40F2-9052-7A5396FA48E4}
		{5CF14AFC-1CFF-4273-B32B-AA54DA37B0C4} = {61CCF297-620A-40F2-9052-7A5396FA48E4}
		{125DA61A-1522-45A4-AF8C-C5882247142A} = {61CCF297-620A-40F2-9052-7A5396FA48E4}
		{B9FA8444-29B3-4CF0-A188-3804000218C2} = {61CCF297-620A-40F2-9052-7A5396FA48E4}
		{4234C2E5-8C5F-47BA-9DDF-C3E96D73A94B} = {61CCF297-620A-40F2-9052-7A5396FA48E4}
		{D5B0B8CE-4CB2-42C1-898D-C63DB309B61A} = {61CCF297-620A-40F2-9052-7A5396FA48E4}
		{436BB7D5-5E9A-4CE5-AD0C-EFDD106DACC3} = {61CCF297-620A-40F2-9052-7A5396FA48E4}
		{4B31F6CD-BAE5-4416-9A7E-7CD74459E6A7} = {07317F59-E9F6-4DA2-B7ED-57CE95D5AE95}
		{51BED2FE-11DB-4E9C-B6E6-F4611B6A4EAE} = {A662B894-F584-4249-902F-47612C3E8E94}
		{35622B2F-3723-47E0-9134-8F1A482B64C3} = {D34BE5B1-9625-4499-AD6D-618951CA5060}
		{E7690F8C-9644-432A-8399-C0E7672EC300} = {D34BE5B1-9625-4499-AD6D-618951CA5060}
		{E5148A6E-293C-4E65-B323-743247B96A3B} = {D34BE5B1-9625-4499-AD6D-618951CA5060}
		{EDEBF1A0-509D-4C1C-AE47-AD996CFC4111} = {36E8836E-455B-44CA-ADD6-5E0C90D5D38B}
		{F2D25DF2-8A33-4194-A9FE-992AB9685B05} = {36E8836E-455B-44CA-ADD6-5E0C90D5D38B}
		{3E82B28D-537E-4D32-82B7-289880EAFD2A} = {36E8836E-455B-44CA-ADD6-5E0C90D5D38B}
		{54BF52BB-3E2B-4FB0-BE1A-D50B660EB583} = {36E8836E-455B-44CA-ADD6-5E0C90D5D38B}
		{A26CCDD6-941F-41FD-A666-9C3F544B180C} = {36E8836E-455B-44CA-ADD6-5E0C90D5D38B}
		{AB8D5663-9982-4E73-8290-E064EC5CE669} = {36E8836E-455B-44CA-ADD6-5E0C90D5D38B}
		{22748790-5D9A-4D9E-A882-96090E79AB53} = {36E8836E-455B-44CA-ADD6-5E0C90D5D38B}
		{3AB35E73-DAF6-424C-864A-8D576A4DDC4E} = {36E8836E-455B-44CA-ADD6-5E0C90D5D38B}
		{46CCFFFA-0C9C-41C5-ABAB-01092C1AB39E} = {36E8836E-455B-44CA-ADD6-5E0C90D5D38B}
		{4547042D-DE1F-43EF-A3BC-F4DC8B43CD91} = {61CCF297-620A-40F2-9052-7A5396FA48E4}
		{842D52B0-EFF2-4E15-AD2D-3E516C851115} = {61CCF297-620A-40F2-9052-7A5396FA48E4}
	EndGlobalSection
	GlobalSection(ExtensibilityGlobals) = postSolution
		SolutionGuid = {958786F8-D2E4-4AAC-949D-3CD908D8AE36}
	EndGlobalSection
EndGlobal
